// !$*UTF8*$!
{
	archiveVersion = 1;
	classes = {
	};
	objectVersion = 56;
	objects = {

/* Begin PBXBuildFile section */
		F00DF4832B98D3C500825462 /* IrregularViewController.swift in Sources */ = {isa = PBXBuildFile; fileRef = F00DF4822B98D3C500825462 /* IrregularViewController.swift */; };
		F00DF4882B991B8C00825462 /* EditIrregularViewController.swift in Sources */ = {isa = PBXBuildFile; fileRef = F00DF4872B991B8C00825462 /* EditIrregularViewController.swift */; };
		F00DF48A2B9A335500825462 /* FilterListViewController.swift in Sources */ = {isa = PBXBuildFile; fileRef = F00DF4892B9A335500825462 /* FilterListViewController.swift */; };
		F00DF48C2B9B3A0D00825462 /* FilterListViewModel.swift in Sources */ = {isa = PBXBuildFile; fileRef = F00DF48B2B9B3A0D00825462 /* FilterListViewModel.swift */; };
		F00DF48E2B9CC3C600825462 /* Filters.swift in Sources */ = {isa = PBXBuildFile; fileRef = F00DF48D2B9CC3C600825462 /* Filters.swift */; };
		F00DF4962B9E1DB500825462 /* TrackerTests.swift in Sources */ = {isa = PBXBuildFile; fileRef = F00DF4952B9E1DB500825462 /* TrackerTests.swift */; };
		F00DF49E2B9E22A400825462 /* SnapshotTesting in Frameworks */ = {isa = PBXBuildFile; productRef = F00DF49D2B9E22A400825462 /* SnapshotTesting */; };
		F00DF4A42BA0FC8200825462 /* EditCategoryViewController.swift in Sources */ = {isa = PBXBuildFile; fileRef = F00DF4A32BA0FC8200825462 /* EditCategoryViewController.swift */; };
		F05FB9BC2B1145CD00B524ED /* AppDelegate.swift in Sources */ = {isa = PBXBuildFile; fileRef = F05FB9BB2B1145CD00B524ED /* AppDelegate.swift */; };
		F05FB9BE2B1145CD00B524ED /* SceneDelegate.swift in Sources */ = {isa = PBXBuildFile; fileRef = F05FB9BD2B1145CD00B524ED /* SceneDelegate.swift */; };
		F05FB9C02B1145CD00B524ED /* TrackerViewController.swift in Sources */ = {isa = PBXBuildFile; fileRef = F05FB9BF2B1145CD00B524ED /* TrackerViewController.swift */; };
		F05FB9C52B1145D400B524ED /* Assets.xcassets in Resources */ = {isa = PBXBuildFile; fileRef = F05FB9C42B1145D400B524ED /* Assets.xcassets */; };
		F05FB9C82B1145D400B524ED /* LaunchScreen.storyboard in Resources */ = {isa = PBXBuildFile; fileRef = F05FB9C62B1145D400B524ED /* LaunchScreen.storyboard */; };
		F05FB9D02B13AB3700B524ED /* TabBarController.swift in Sources */ = {isa = PBXBuildFile; fileRef = F05FB9CF2B13AB3700B524ED /* TabBarController.swift */; };
		F05FB9D22B13AD3200B524ED /* StatisticViewController.swift in Sources */ = {isa = PBXBuildFile; fileRef = F05FB9D12B13AD3200B524ED /* StatisticViewController.swift */; };
		F05FB9D62B16565500B524ED /* UIColor+Extensions.swift in Sources */ = {isa = PBXBuildFile; fileRef = F05FB9D52B16565500B524ED /* UIColor+Extensions.swift */; };
		F05FB9F92B1906A100B524ED /* Tracker.swift in Sources */ = {isa = PBXBuildFile; fileRef = F05FB9F82B1906A100B524ED /* Tracker.swift */; };
		F05FB9FF2B1CC6FC00B524ED /* CreateNewTrackerViewController.swift in Sources */ = {isa = PBXBuildFile; fileRef = F05FB9FE2B1CC6FC00B524ED /* CreateNewTrackerViewController.swift */; };
		F05FBA012B1CDFF200B524ED /* HabitViewController.swift in Sources */ = {isa = PBXBuildFile; fileRef = F05FBA002B1CDFF200B524ED /* HabitViewController.swift */; };
		F05FBA0F2B1E544600B524ED /* CustomTextField.swift in Sources */ = {isa = PBXBuildFile; fileRef = F05FBA0E2B1E544600B524ED /* CustomTextField.swift */; };
		F05FBA112B1F977E00B524ED /* CategoriesViewController.swift in Sources */ = {isa = PBXBuildFile; fileRef = F05FBA102B1F977E00B524ED /* CategoriesViewController.swift */; };
		F05FBA132B1FB03D00B524ED /* ScheduleViewController.swift in Sources */ = {isa = PBXBuildFile; fileRef = F05FBA122B1FB03D00B524ED /* ScheduleViewController.swift */; };
		F05FBA152B20E87200B524ED /* TrackerCollectionViewCell.swift in Sources */ = {isa = PBXBuildFile; fileRef = F05FBA142B20E87200B524ED /* TrackerCollectionViewCell.swift */; };
		F05FBA192B222BEF00B524ED /* SupplementaryView.swift in Sources */ = {isa = PBXBuildFile; fileRef = F05FBA182B222BEE00B524ED /* SupplementaryView.swift */; };
		F05FBA202B28D03400B524ED /* EmojiCollectionViewCell.swift in Sources */ = {isa = PBXBuildFile; fileRef = F05FBA1F2B28D03400B524ED /* EmojiCollectionViewCell.swift */; };
		F05FBA222B28D0DC00B524ED /* SupplementaryEmojiView.swift in Sources */ = {isa = PBXBuildFile; fileRef = F05FBA212B28D0DC00B524ED /* SupplementaryEmojiView.swift */; };
		F05FBA242B2A109D00B524ED /* ColorCollectionViewCell.swift in Sources */ = {isa = PBXBuildFile; fileRef = F05FBA232B2A109C00B524ED /* ColorCollectionViewCell.swift */; };
		F05FBA272B30CE1F00B524ED /* Model.xcdatamodeld in Sources */ = {isa = PBXBuildFile; fileRef = F05FBA252B30CE1F00B524ED /* Model.xcdatamodeld */; };
		F05FBA292B34961F00B524ED /* TrackerStore.swift in Sources */ = {isa = PBXBuildFile; fileRef = F05FBA282B34961E00B524ED /* TrackerStore.swift */; };
		F05FBA2B2B349B9100B524ED /* UIColorMarshalling.swift in Sources */ = {isa = PBXBuildFile; fileRef = F05FBA2A2B349B9100B524ED /* UIColorMarshalling.swift */; };
		F05FBA2D2B34ABD800B524ED /* TrackerCategoryStore.swift in Sources */ = {isa = PBXBuildFile; fileRef = F05FBA2C2B34ABD800B524ED /* TrackerCategoryStore.swift */; };
		F05FBA2F2B34C4C500B524ED /* TrackerRecordStore.swift in Sources */ = {isa = PBXBuildFile; fileRef = F05FBA2E2B34C4C500B524ED /* TrackerRecordStore.swift */; };
		F09AA7A32B55C3DD00C15DAB /* AlertPresenter.swift in Sources */ = {isa = PBXBuildFile; fileRef = F09AA7A22B55C3DC00C15DAB /* AlertPresenter.swift */; };
		F09AA7A52B56F74800C15DAB /* UIView+Extensions.swift in Sources */ = {isa = PBXBuildFile; fileRef = F09AA7A42B56F74800C15DAB /* UIView+Extensions.swift */; };
		F09AA7A72B5D6CA100C15DAB /* OnboardingViewController.swift in Sources */ = {isa = PBXBuildFile; fileRef = F09AA7A62B5D6CA000C15DAB /* OnboardingViewController.swift */; };
		F09AA7AA2B5D6D8B00C15DAB /* TemplateViewController.swift in Sources */ = {isa = PBXBuildFile; fileRef = F09AA7A92B5D6D8B00C15DAB /* TemplateViewController.swift */; };
		F09AA7AC2B5ECC2300C15DAB /* CreateNewCategoryViewController.swift in Sources */ = {isa = PBXBuildFile; fileRef = F09AA7AB2B5ECC2300C15DAB /* CreateNewCategoryViewController.swift */; };
		F09AA7AF2B5EE02E00C15DAB /* Observable.swift in Sources */ = {isa = PBXBuildFile; fileRef = F09AA7AE2B5EE02E00C15DAB /* Observable.swift */; };
		F09AA7B22B5EE37E00C15DAB /* CategoriesViewModel.swift in Sources */ = {isa = PBXBuildFile; fileRef = F09AA7B12B5EE37E00C15DAB /* CategoriesViewModel.swift */; };
		F09AA7B42B60226B00C15DAB /* CategoryTableViewCell.swift in Sources */ = {isa = PBXBuildFile; fileRef = F09AA7B32B60226B00C15DAB /* CategoryTableViewCell.swift */; };
		F0F7CF072B81457300D94FBF /* StatisticsCardView.swift in Sources */ = {isa = PBXBuildFile; fileRef = F0F7CF062B81457300D94FBF /* StatisticsCardView.swift */; };
		F0F7CF0C2B8BA01800D94FBF /* EditHabitViewController.swift in Sources */ = {isa = PBXBuildFile; fileRef = F0F7CF0B2B8BA01800D94FBF /* EditHabitViewController.swift */; };
		F0F85ABF2B69581F00B20288 /* Localizable.stringsdict in Resources */ = {isa = PBXBuildFile; fileRef = F0F85AC12B69581F00B20288 /* Localizable.stringsdict */; };
		F0F85AC62B69672F00B20288 /* String + Extensions.swift in Sources */ = {isa = PBXBuildFile; fileRef = F0F85AC52B69672F00B20288 /* String + Extensions.swift */; };
		F0F85AC72B696E4F00B20288 /* Localizable.strings in Resources */ = {isa = PBXBuildFile; fileRef = F0F85AC92B696E4F00B20288 /* Localizable.strings */; };
/* End PBXBuildFile section */

/* Begin PBXContainerItemProxy section */
		F00DF4972B9E1DB500825462 /* PBXContainerItemProxy */ = {
			isa = PBXContainerItemProxy;
			containerPortal = F05FB9B02B1145CC00B524ED /* Project object */;
			proxyType = 1;
			remoteGlobalIDString = F05FB9B72B1145CC00B524ED;
			remoteInfo = Tracker;
		};
/* End PBXContainerItemProxy section */

/* Begin PBXFileReference section */
		F00DF4822B98D3C500825462 /* IrregularViewController.swift */ = {isa = PBXFileReference; lastKnownFileType = sourcecode.swift; path = IrregularViewController.swift; sourceTree = "<group>"; };
		F00DF4842B98EE9900825462 /* Model 4.xcdatamodel */ = {isa = PBXFileReference; lastKnownFileType = wrapper.xcdatamodel; path = "Model 4.xcdatamodel"; sourceTree = "<group>"; };
		F00DF4872B991B8C00825462 /* EditIrregularViewController.swift */ = {isa = PBXFileReference; lastKnownFileType = sourcecode.swift; path = EditIrregularViewController.swift; sourceTree = "<group>"; };
		F00DF4892B9A335500825462 /* FilterListViewController.swift */ = {isa = PBXFileReference; lastKnownFileType = sourcecode.swift; path = FilterListViewController.swift; sourceTree = "<group>"; };
		F00DF48B2B9B3A0D00825462 /* FilterListViewModel.swift */ = {isa = PBXFileReference; lastKnownFileType = sourcecode.swift; path = FilterListViewModel.swift; sourceTree = "<group>"; };
		F00DF48D2B9CC3C600825462 /* Filters.swift */ = {isa = PBXFileReference; lastKnownFileType = sourcecode.swift; path = Filters.swift; sourceTree = "<group>"; };
		F00DF4932B9E1DB500825462 /* TrackerTests.xctest */ = {isa = PBXFileReference; explicitFileType = wrapper.cfbundle; includeInIndex = 0; path = TrackerTests.xctest; sourceTree = BUILT_PRODUCTS_DIR; };
		F00DF4952B9E1DB500825462 /* TrackerTests.swift */ = {isa = PBXFileReference; lastKnownFileType = sourcecode.swift; path = TrackerTests.swift; sourceTree = "<group>"; };
		F00DF4A32BA0FC8200825462 /* EditCategoryViewController.swift */ = {isa = PBXFileReference; lastKnownFileType = sourcecode.swift; path = EditCategoryViewController.swift; sourceTree = "<group>"; };
		F05FB9B82B1145CD00B524ED /* Tracker.app */ = {isa = PBXFileReference; explicitFileType = wrapper.application; includeInIndex = 0; path = Tracker.app; sourceTree = BUILT_PRODUCTS_DIR; };
		F05FB9BB2B1145CD00B524ED /* AppDelegate.swift */ = {isa = PBXFileReference; lastKnownFileType = sourcecode.swift; path = AppDelegate.swift; sourceTree = "<group>"; };
		F05FB9BD2B1145CD00B524ED /* SceneDelegate.swift */ = {isa = PBXFileReference; lastKnownFileType = sourcecode.swift; path = SceneDelegate.swift; sourceTree = "<group>"; };
		F05FB9BF2B1145CD00B524ED /* TrackerViewController.swift */ = {isa = PBXFileReference; lastKnownFileType = sourcecode.swift; path = TrackerViewController.swift; sourceTree = "<group>"; };
		F05FB9C42B1145D400B524ED /* Assets.xcassets */ = {isa = PBXFileReference; lastKnownFileType = folder.assetcatalog; path = Assets.xcassets; sourceTree = "<group>"; };
		F05FB9C72B1145D400B524ED /* Base */ = {isa = PBXFileReference; lastKnownFileType = file.storyboard; name = Base; path = Base.lproj/LaunchScreen.storyboard; sourceTree = "<group>"; };
		F05FB9C92B1145D400B524ED /* Info.plist */ = {isa = PBXFileReference; lastKnownFileType = text.plist.xml; path = Info.plist; sourceTree = "<group>"; };
		F05FB9CF2B13AB3700B524ED /* TabBarController.swift */ = {isa = PBXFileReference; lastKnownFileType = sourcecode.swift; path = TabBarController.swift; sourceTree = "<group>"; };
		F05FB9D12B13AD3200B524ED /* StatisticViewController.swift */ = {isa = PBXFileReference; lastKnownFileType = sourcecode.swift; path = StatisticViewController.swift; sourceTree = "<group>"; };
		F05FB9D52B16565500B524ED /* UIColor+Extensions.swift */ = {isa = PBXFileReference; lastKnownFileType = sourcecode.swift; path = "UIColor+Extensions.swift"; sourceTree = "<group>"; };
		F05FB9F82B1906A100B524ED /* Tracker.swift */ = {isa = PBXFileReference; lastKnownFileType = sourcecode.swift; path = Tracker.swift; sourceTree = "<group>"; };
		F05FB9FE2B1CC6FC00B524ED /* CreateNewTrackerViewController.swift */ = {isa = PBXFileReference; lastKnownFileType = sourcecode.swift; path = CreateNewTrackerViewController.swift; sourceTree = "<group>"; };
		F05FBA002B1CDFF200B524ED /* HabitViewController.swift */ = {isa = PBXFileReference; lastKnownFileType = sourcecode.swift; path = HabitViewController.swift; sourceTree = "<group>"; };
		F05FBA0E2B1E544600B524ED /* CustomTextField.swift */ = {isa = PBXFileReference; lastKnownFileType = sourcecode.swift; path = CustomTextField.swift; sourceTree = "<group>"; };
		F05FBA102B1F977E00B524ED /* CategoriesViewController.swift */ = {isa = PBXFileReference; lastKnownFileType = sourcecode.swift; path = CategoriesViewController.swift; sourceTree = "<group>"; };
		F05FBA122B1FB03D00B524ED /* ScheduleViewController.swift */ = {isa = PBXFileReference; lastKnownFileType = sourcecode.swift; path = ScheduleViewController.swift; sourceTree = "<group>"; };
		F05FBA142B20E87200B524ED /* TrackerCollectionViewCell.swift */ = {isa = PBXFileReference; lastKnownFileType = sourcecode.swift; path = TrackerCollectionViewCell.swift; sourceTree = "<group>"; };
		F05FBA182B222BEE00B524ED /* SupplementaryView.swift */ = {isa = PBXFileReference; lastKnownFileType = sourcecode.swift; path = SupplementaryView.swift; sourceTree = "<group>"; };
		F05FBA1F2B28D03400B524ED /* EmojiCollectionViewCell.swift */ = {isa = PBXFileReference; lastKnownFileType = sourcecode.swift; path = EmojiCollectionViewCell.swift; sourceTree = "<group>"; };
		F05FBA212B28D0DC00B524ED /* SupplementaryEmojiView.swift */ = {isa = PBXFileReference; lastKnownFileType = sourcecode.swift; path = SupplementaryEmojiView.swift; sourceTree = "<group>"; };
		F05FBA232B2A109C00B524ED /* ColorCollectionViewCell.swift */ = {isa = PBXFileReference; lastKnownFileType = sourcecode.swift; path = ColorCollectionViewCell.swift; sourceTree = "<group>"; };
		F05FBA262B30CE1F00B524ED /* Model.xcdatamodel */ = {isa = PBXFileReference; lastKnownFileType = wrapper.xcdatamodel; path = Model.xcdatamodel; sourceTree = "<group>"; };
		F05FBA282B34961E00B524ED /* TrackerStore.swift */ = {isa = PBXFileReference; lastKnownFileType = sourcecode.swift; path = TrackerStore.swift; sourceTree = "<group>"; };
		F05FBA2A2B349B9100B524ED /* UIColorMarshalling.swift */ = {isa = PBXFileReference; lastKnownFileType = sourcecode.swift; path = UIColorMarshalling.swift; sourceTree = "<group>"; };
		F05FBA2C2B34ABD800B524ED /* TrackerCategoryStore.swift */ = {isa = PBXFileReference; lastKnownFileType = sourcecode.swift; path = TrackerCategoryStore.swift; sourceTree = "<group>"; };
		F05FBA2E2B34C4C500B524ED /* TrackerRecordStore.swift */ = {isa = PBXFileReference; lastKnownFileType = sourcecode.swift; path = TrackerRecordStore.swift; sourceTree = "<group>"; };
		F09AA7A12B505F3A00C15DAB /* Model 2.xcdatamodel */ = {isa = PBXFileReference; lastKnownFileType = wrapper.xcdatamodel; path = "Model 2.xcdatamodel"; sourceTree = "<group>"; };
		F09AA7A22B55C3DC00C15DAB /* AlertPresenter.swift */ = {isa = PBXFileReference; lastKnownFileType = sourcecode.swift; path = AlertPresenter.swift; sourceTree = "<group>"; };
		F09AA7A42B56F74800C15DAB /* UIView+Extensions.swift */ = {isa = PBXFileReference; lastKnownFileType = sourcecode.swift; path = "UIView+Extensions.swift"; sourceTree = "<group>"; };
		F09AA7A62B5D6CA000C15DAB /* OnboardingViewController.swift */ = {isa = PBXFileReference; lastKnownFileType = sourcecode.swift; path = OnboardingViewController.swift; sourceTree = "<group>"; };
		F09AA7A92B5D6D8B00C15DAB /* TemplateViewController.swift */ = {isa = PBXFileReference; lastKnownFileType = sourcecode.swift; path = TemplateViewController.swift; sourceTree = "<group>"; };
		F09AA7AB2B5ECC2300C15DAB /* CreateNewCategoryViewController.swift */ = {isa = PBXFileReference; lastKnownFileType = sourcecode.swift; path = CreateNewCategoryViewController.swift; sourceTree = "<group>"; };
		F09AA7AE2B5EE02E00C15DAB /* Observable.swift */ = {isa = PBXFileReference; lastKnownFileType = sourcecode.swift; path = Observable.swift; sourceTree = "<group>"; };
		F09AA7B12B5EE37E00C15DAB /* CategoriesViewModel.swift */ = {isa = PBXFileReference; lastKnownFileType = sourcecode.swift; path = CategoriesViewModel.swift; sourceTree = "<group>"; };
		F09AA7B32B60226B00C15DAB /* CategoryTableViewCell.swift */ = {isa = PBXFileReference; lastKnownFileType = sourcecode.swift; path = CategoryTableViewCell.swift; sourceTree = "<group>"; };
		F0F7CF052B7E6B2200D94FBF /* en */ = {isa = PBXFileReference; lastKnownFileType = text.plist.strings; name = en; path = en.lproj/Localizable.strings; sourceTree = "<group>"; };
		F0F7CF062B81457300D94FBF /* StatisticsCardView.swift */ = {isa = PBXFileReference; lastKnownFileType = sourcecode.swift; path = StatisticsCardView.swift; sourceTree = "<group>"; };
		F0F7CF082B826C9A00D94FBF /* Model 3.xcdatamodel */ = {isa = PBXFileReference; lastKnownFileType = wrapper.xcdatamodel; path = "Model 3.xcdatamodel"; sourceTree = "<group>"; };
		F0F7CF0B2B8BA01800D94FBF /* EditHabitViewController.swift */ = {isa = PBXFileReference; lastKnownFileType = sourcecode.swift; path = EditHabitViewController.swift; sourceTree = "<group>"; };
		F0F85AB62B68133800B20288 /* ru */ = {isa = PBXFileReference; lastKnownFileType = text.plist.strings; name = ru; path = ru.lproj/LaunchScreen.strings; sourceTree = "<group>"; };
		F0F85AC02B69581F00B20288 /* en */ = {isa = PBXFileReference; lastKnownFileType = text.plist.stringsdict; name = en; path = en.lproj/Localizable.stringsdict; sourceTree = "<group>"; };
		F0F85AC22B69583F00B20288 /* ru */ = {isa = PBXFileReference; lastKnownFileType = text.plist.stringsdict; name = ru; path = ru.lproj/Localizable.stringsdict; sourceTree = "<group>"; };
		F0F85AC52B69672F00B20288 /* String + Extensions.swift */ = {isa = PBXFileReference; lastKnownFileType = sourcecode.swift; path = "String + Extensions.swift"; sourceTree = "<group>"; };
		F0F85AC82B696E4F00B20288 /* ru */ = {isa = PBXFileReference; lastKnownFileType = text.plist.strings; name = ru; path = ru.lproj/Localizable.strings; sourceTree = "<group>"; };
/* End PBXFileReference section */

/* Begin PBXFrameworksBuildPhase section */
		F00DF4902B9E1DB500825462 /* Frameworks */ = {
			isa = PBXFrameworksBuildPhase;
			buildActionMask = 2147483647;
			files = (
				F00DF49E2B9E22A400825462 /* SnapshotTesting in Frameworks */,
			);
			runOnlyForDeploymentPostprocessing = 0;
		};
		F05FB9B52B1145CC00B524ED /* Frameworks */ = {
			isa = PBXFrameworksBuildPhase;
			buildActionMask = 2147483647;
			files = (
			);
			runOnlyForDeploymentPostprocessing = 0;
		};
/* End PBXFrameworksBuildPhase section */

/* Begin PBXGroup section */
		F00DF4942B9E1DB500825462 /* TrackerTests */ = {
			isa = PBXGroup;
			children = (
				F00DF4952B9E1DB500825462 /* TrackerTests.swift */,
			);
			path = TrackerTests;
			sourceTree = "<group>";
		};
		F05FB9AF2B1145CC00B524ED = {
			isa = PBXGroup;
			children = (
				F05FB9BA2B1145CD00B524ED /* Tracker */,
				F00DF4942B9E1DB500825462 /* TrackerTests */,
				F05FB9B92B1145CD00B524ED /* Products */,
			);
			sourceTree = "<group>";
		};
		F05FB9B92B1145CD00B524ED /* Products */ = {
			isa = PBXGroup;
			children = (
				F05FB9B82B1145CD00B524ED /* Tracker.app */,
				F00DF4932B9E1DB500825462 /* TrackerTests.xctest */,
			);
			name = Products;
			sourceTree = "<group>";
		};
		F05FB9BA2B1145CD00B524ED /* Tracker */ = {
			isa = PBXGroup;
			children = (
				F0F85AB12B68125E00B20288 /* Resources */,
				F09AA7B02B5EE31F00C15DAB /* ViewModels */,
				F05FBA322B38895F00B524ED /* Views */,
				F05FB9F72B19066500B524ED /* Models */,
				F05FB9D42B16562200B524ED /* Controllers */,
				F05FB9D32B16561800B524ED /* Helpers */,
				F05FB9BB2B1145CD00B524ED /* AppDelegate.swift */,
				F05FB9BD2B1145CD00B524ED /* SceneDelegate.swift */,
				F05FB9C42B1145D400B524ED /* Assets.xcassets */,
				F05FB9C62B1145D400B524ED /* LaunchScreen.storyboard */,
				F05FB9C92B1145D400B524ED /* Info.plist */,
				F05FBA252B30CE1F00B524ED /* Model.xcdatamodeld */,
				F09AA7AE2B5EE02E00C15DAB /* Observable.swift */,
			);
			path = Tracker;
			sourceTree = "<group>";
		};
		F05FB9D32B16561800B524ED /* Helpers */ = {
			isa = PBXGroup;
			children = (
				F05FB9D52B16565500B524ED /* UIColor+Extensions.swift */,
				F05FBA0E2B1E544600B524ED /* CustomTextField.swift */,
				F05FBA2A2B349B9100B524ED /* UIColorMarshalling.swift */,
				F09AA7A42B56F74800C15DAB /* UIView+Extensions.swift */,
				F0F85AC52B69672F00B20288 /* String + Extensions.swift */,
			);
			path = Helpers;
			sourceTree = "<group>";
		};
		F05FB9D42B16562200B524ED /* Controllers */ = {
			isa = PBXGroup;
			children = (
				F05FBA0C2B1CFD7D00B524ED /* Statistics */,
				F05FBA0B2B1CFD6500B524ED /* Tracker */,
				F05FB9CF2B13AB3700B524ED /* TabBarController.swift */,
				F09AA7A82B5D6D3800C15DAB /* Onboarding */,
			);
			path = Controllers;
			sourceTree = "<group>";
		};
		F05FB9F72B19066500B524ED /* Models */ = {
			isa = PBXGroup;
			children = (
				F05FB9F82B1906A100B524ED /* Tracker.swift */,
				F05FBA282B34961E00B524ED /* TrackerStore.swift */,
				F05FBA2C2B34ABD800B524ED /* TrackerCategoryStore.swift */,
				F05FBA2E2B34C4C500B524ED /* TrackerRecordStore.swift */,
				F09AA7A22B55C3DC00C15DAB /* AlertPresenter.swift */,
				F00DF48D2B9CC3C600825462 /* Filters.swift */,
			);
			path = Models;
			sourceTree = "<group>";
		};
		F05FBA022B1CF9BC00B524ED /* Habit */ = {
			isa = PBXGroup;
			children = (
				F05FBA002B1CDFF200B524ED /* HabitViewController.swift */,
				F0F7CF0B2B8BA01800D94FBF /* EditHabitViewController.swift */,
			);
			path = Habit;
			sourceTree = "<group>";
		};
		F05FBA0A2B1CFD4F00B524ED /* Irregular */ = {
			isa = PBXGroup;
			children = (
				F00DF4822B98D3C500825462 /* IrregularViewController.swift */,
				F00DF4872B991B8C00825462 /* EditIrregularViewController.swift */,
			);
			path = Irregular;
			sourceTree = "<group>";
		};
		F05FBA0B2B1CFD6500B524ED /* Tracker */ = {
			isa = PBXGroup;
			children = (
				F09AA7AD2B5ECF3700C15DAB /* Category */,
				F05FBA022B1CF9BC00B524ED /* Habit */,
				F05FBA0A2B1CFD4F00B524ED /* Irregular */,
				F05FB9BF2B1145CD00B524ED /* TrackerViewController.swift */,
				F05FB9FE2B1CC6FC00B524ED /* CreateNewTrackerViewController.swift */,
				F05FBA122B1FB03D00B524ED /* ScheduleViewController.swift */,
				F00DF4892B9A335500825462 /* FilterListViewController.swift */,
			);
			path = Tracker;
			sourceTree = "<group>";
		};
		F05FBA0C2B1CFD7D00B524ED /* Statistics */ = {
			isa = PBXGroup;
			children = (
				F05FB9D12B13AD3200B524ED /* StatisticViewController.swift */,
			);
			path = Statistics;
			sourceTree = "<group>";
		};
		F05FBA1C2B23AC7A00B524ED /* TrackerCell */ = {
			isa = PBXGroup;
			children = (
				F05FBA142B20E87200B524ED /* TrackerCollectionViewCell.swift */,
				F05FBA182B222BEE00B524ED /* SupplementaryView.swift */,
			);
			path = TrackerCell;
			sourceTree = "<group>";
		};
		F05FBA322B38895F00B524ED /* Views */ = {
			isa = PBXGroup;
			children = (
				F05FBA1F2B28D03400B524ED /* EmojiCollectionViewCell.swift */,
				F05FBA212B28D0DC00B524ED /* SupplementaryEmojiView.swift */,
				F05FBA232B2A109C00B524ED /* ColorCollectionViewCell.swift */,
				F09AA7B32B60226B00C15DAB /* CategoryTableViewCell.swift */,
				F0F7CF062B81457300D94FBF /* StatisticsCardView.swift */,
				F05FBA1C2B23AC7A00B524ED /* TrackerCell */,
			);
			path = Views;
			sourceTree = "<group>";
		};
		F09AA7A82B5D6D3800C15DAB /* Onboarding */ = {
			isa = PBXGroup;
			children = (
				F09AA7A62B5D6CA000C15DAB /* OnboardingViewController.swift */,
				F09AA7A92B5D6D8B00C15DAB /* TemplateViewController.swift */,
			);
			path = Onboarding;
			sourceTree = "<group>";
		};
		F09AA7AD2B5ECF3700C15DAB /* Category */ = {
			isa = PBXGroup;
			children = (
				F05FBA102B1F977E00B524ED /* CategoriesViewController.swift */,
				F09AA7AB2B5ECC2300C15DAB /* CreateNewCategoryViewController.swift */,
				F00DF4A32BA0FC8200825462 /* EditCategoryViewController.swift */,
			);
			path = Category;
			sourceTree = "<group>";
		};
		F09AA7B02B5EE31F00C15DAB /* ViewModels */ = {
			isa = PBXGroup;
			children = (
				F09AA7B12B5EE37E00C15DAB /* CategoriesViewModel.swift */,
				F00DF48B2B9B3A0D00825462 /* FilterListViewModel.swift */,
			);
			path = ViewModels;
			sourceTree = "<group>";
		};
		F0F85AB12B68125E00B20288 /* Resources */ = {
			isa = PBXGroup;
			children = (
				F0F85AC12B69581F00B20288 /* Localizable.stringsdict */,
				F0F85AC92B696E4F00B20288 /* Localizable.strings */,
			);
			path = Resources;
			sourceTree = "<group>";
		};
/* End PBXGroup section */

/* Begin PBXNativeTarget section */
		F00DF4922B9E1DB500825462 /* TrackerTests */ = {
			isa = PBXNativeTarget;
			buildConfigurationList = F00DF4992B9E1DB500825462 /* Build configuration list for PBXNativeTarget "TrackerTests" */;
			buildPhases = (
				F00DF48F2B9E1DB500825462 /* Sources */,
				F00DF4902B9E1DB500825462 /* Frameworks */,
				F00DF4912B9E1DB500825462 /* Resources */,
			);
			buildRules = (
			);
			dependencies = (
				F00DF4982B9E1DB500825462 /* PBXTargetDependency */,
			);
			name = TrackerTests;
			packageProductDependencies = (
				F00DF49D2B9E22A400825462 /* SnapshotTesting */,
			);
			productName = TrackerTests;
			productReference = F00DF4932B9E1DB500825462 /* TrackerTests.xctest */;
			productType = "com.apple.product-type.bundle.unit-test";
		};
		F05FB9B72B1145CC00B524ED /* Tracker */ = {
			isa = PBXNativeTarget;
			buildConfigurationList = F05FB9CC2B1145D500B524ED /* Build configuration list for PBXNativeTarget "Tracker" */;
			buildPhases = (
				F05FB9B42B1145CC00B524ED /* Sources */,
				F05FB9B52B1145CC00B524ED /* Frameworks */,
				F05FB9B62B1145CC00B524ED /* Resources */,
			);
			buildRules = (
			);
			dependencies = (
			);
			name = Tracker;
			productName = Tracker;
			productReference = F05FB9B82B1145CD00B524ED /* Tracker.app */;
			productType = "com.apple.product-type.application";
		};
/* End PBXNativeTarget section */

/* Begin PBXProject section */
		F05FB9B02B1145CC00B524ED /* Project object */ = {
			isa = PBXProject;
			attributes = {
				BuildIndependentTargetsInParallel = 1;
				LastSwiftUpdateCheck = 1430;
				LastUpgradeCheck = 1430;
				TargetAttributes = {
					F00DF4922B9E1DB500825462 = {
						CreatedOnToolsVersion = 14.3.1;
						TestTargetID = F05FB9B72B1145CC00B524ED;
					};
					F05FB9B72B1145CC00B524ED = {
						CreatedOnToolsVersion = 14.3.1;
					};
				};
			};
			buildConfigurationList = F05FB9B32B1145CC00B524ED /* Build configuration list for PBXProject "Tracker" */;
			compatibilityVersion = "Xcode 14.0";
			developmentRegion = en;
			hasScannedForEncodings = 0;
			knownRegions = (
				en,
				Base,
				ru,
			);
			mainGroup = F05FB9AF2B1145CC00B524ED;
			packageReferences = (
				F00DF49C2B9E22A400825462 /* XCRemoteSwiftPackageReference "swift-snapshot-testing" */,
			);
			productRefGroup = F05FB9B92B1145CD00B524ED /* Products */;
			projectDirPath = "";
			projectRoot = "";
			targets = (
				F05FB9B72B1145CC00B524ED /* Tracker */,
				F00DF4922B9E1DB500825462 /* TrackerTests */,
			);
		};
/* End PBXProject section */

/* Begin PBXResourcesBuildPhase section */
		F00DF4912B9E1DB500825462 /* Resources */ = {
			isa = PBXResourcesBuildPhase;
			buildActionMask = 2147483647;
			files = (
			);
			runOnlyForDeploymentPostprocessing = 0;
		};
		F05FB9B62B1145CC00B524ED /* Resources */ = {
			isa = PBXResourcesBuildPhase;
			buildActionMask = 2147483647;
			files = (
				F05FB9C82B1145D400B524ED /* LaunchScreen.storyboard in Resources */,
				F0F85AC72B696E4F00B20288 /* Localizable.strings in Resources */,
				F0F85ABF2B69581F00B20288 /* Localizable.stringsdict in Resources */,
				F05FB9C52B1145D400B524ED /* Assets.xcassets in Resources */,
			);
			runOnlyForDeploymentPostprocessing = 0;
		};
/* End PBXResourcesBuildPhase section */

/* Begin PBXSourcesBuildPhase section */
		F00DF48F2B9E1DB500825462 /* Sources */ = {
			isa = PBXSourcesBuildPhase;
			buildActionMask = 2147483647;
			files = (
				F00DF4962B9E1DB500825462 /* TrackerTests.swift in Sources */,
			);
			runOnlyForDeploymentPostprocessing = 0;
		};
		F05FB9B42B1145CC00B524ED /* Sources */ = {
			isa = PBXSourcesBuildPhase;
			buildActionMask = 2147483647;
			files = (
				F05FB9FF2B1CC6FC00B524ED /* CreateNewTrackerViewController.swift in Sources */,
				F05FBA112B1F977E00B524ED /* CategoriesViewController.swift in Sources */,
				F05FBA2F2B34C4C500B524ED /* TrackerRecordStore.swift in Sources */,
				F0F7CF0C2B8BA01800D94FBF /* EditHabitViewController.swift in Sources */,
				F05FBA202B28D03400B524ED /* EmojiCollectionViewCell.swift in Sources */,
				F05FB9C02B1145CD00B524ED /* TrackerViewController.swift in Sources */,
				F09AA7B42B60226B00C15DAB /* CategoryTableViewCell.swift in Sources */,
				F05FBA132B1FB03D00B524ED /* ScheduleViewController.swift in Sources */,
				F09AA7B22B5EE37E00C15DAB /* CategoriesViewModel.swift in Sources */,
				F00DF48E2B9CC3C600825462 /* Filters.swift in Sources */,
				F00DF4882B991B8C00825462 /* EditIrregularViewController.swift in Sources */,
				F09AA7AF2B5EE02E00C15DAB /* Observable.swift in Sources */,
				F09AA7A52B56F74800C15DAB /* UIView+Extensions.swift in Sources */,
				F00DF4832B98D3C500825462 /* IrregularViewController.swift in Sources */,
				F05FBA242B2A109D00B524ED /* ColorCollectionViewCell.swift in Sources */,
				F09AA7AA2B5D6D8B00C15DAB /* TemplateViewController.swift in Sources */,
				F05FB9D62B16565500B524ED /* UIColor+Extensions.swift in Sources */,
				F05FBA222B28D0DC00B524ED /* SupplementaryEmojiView.swift in Sources */,
				F05FB9D02B13AB3700B524ED /* TabBarController.swift in Sources */,
				F05FB9BC2B1145CD00B524ED /* AppDelegate.swift in Sources */,
				F09AA7A72B5D6CA100C15DAB /* OnboardingViewController.swift in Sources */,
				F05FB9D22B13AD3200B524ED /* StatisticViewController.swift in Sources */,
				F09AA7AC2B5ECC2300C15DAB /* CreateNewCategoryViewController.swift in Sources */,
				F0F7CF072B81457300D94FBF /* StatisticsCardView.swift in Sources */,
				F05FB9BE2B1145CD00B524ED /* SceneDelegate.swift in Sources */,
				F05FBA2B2B349B9100B524ED /* UIColorMarshalling.swift in Sources */,
				F09AA7A32B55C3DD00C15DAB /* AlertPresenter.swift in Sources */,
				F05FBA2D2B34ABD800B524ED /* TrackerCategoryStore.swift in Sources */,
				F05FBA012B1CDFF200B524ED /* HabitViewController.swift in Sources */,
				F00DF48C2B9B3A0D00825462 /* FilterListViewModel.swift in Sources */,
				F00DF4A42BA0FC8200825462 /* EditCategoryViewController.swift in Sources */,
				F05FBA292B34961F00B524ED /* TrackerStore.swift in Sources */,
				F05FB9F92B1906A100B524ED /* Tracker.swift in Sources */,
				F00DF48A2B9A335500825462 /* FilterListViewController.swift in Sources */,
				F05FBA192B222BEF00B524ED /* SupplementaryView.swift in Sources */,
				F05FBA152B20E87200B524ED /* TrackerCollectionViewCell.swift in Sources */,
				F05FBA272B30CE1F00B524ED /* Model.xcdatamodeld in Sources */,
				F05FBA0F2B1E544600B524ED /* CustomTextField.swift in Sources */,
				F0F85AC62B69672F00B20288 /* String + Extensions.swift in Sources */,
			);
			runOnlyForDeploymentPostprocessing = 0;
		};
/* End PBXSourcesBuildPhase section */

/* Begin PBXTargetDependency section */
		F00DF4982B9E1DB500825462 /* PBXTargetDependency */ = {
			isa = PBXTargetDependency;
			target = F05FB9B72B1145CC00B524ED /* Tracker */;
			targetProxy = F00DF4972B9E1DB500825462 /* PBXContainerItemProxy */;
		};
/* End PBXTargetDependency section */

/* Begin PBXVariantGroup section */
		F05FB9C62B1145D400B524ED /* LaunchScreen.storyboard */ = {
			isa = PBXVariantGroup;
			children = (
				F05FB9C72B1145D400B524ED /* Base */,
				F0F85AB62B68133800B20288 /* ru */,
			);
			name = LaunchScreen.storyboard;
			sourceTree = "<group>";
		};
		F0F85AC12B69581F00B20288 /* Localizable.stringsdict */ = {
			isa = PBXVariantGroup;
			children = (
				F0F85AC02B69581F00B20288 /* en */,
				F0F85AC22B69583F00B20288 /* ru */,
			);
			name = Localizable.stringsdict;
			sourceTree = "<group>";
		};
		F0F85AC92B696E4F00B20288 /* Localizable.strings */ = {
			isa = PBXVariantGroup;
			children = (
				F0F85AC82B696E4F00B20288 /* ru */,
				F0F7CF052B7E6B2200D94FBF /* en */,
			);
			name = Localizable.strings;
			sourceTree = "<group>";
		};
/* End PBXVariantGroup section */

/* Begin XCBuildConfiguration section */
		F00DF49A2B9E1DB500825462 /* Debug */ = {
			isa = XCBuildConfiguration;
			buildSettings = {
				BUNDLE_LOADER = "$(TEST_HOST)";
				CODE_SIGN_STYLE = Automatic;
				CURRENT_PROJECT_VERSION = 1;
				DEVELOPMENT_TEAM = 3SG3MUV83U;
				GENERATE_INFOPLIST_FILE = YES;
				IPHONEOS_DEPLOYMENT_TARGET = 16.4;
				MARKETING_VERSION = 1.0;
				PRODUCT_BUNDLE_IDENTIFIER = BogdanFartdinov.TrackerTests;
				PRODUCT_NAME = "$(TARGET_NAME)";
				SWIFT_EMIT_LOC_STRINGS = NO;
				SWIFT_VERSION = 5.0;
				TARGETED_DEVICE_FAMILY = "1,2";
				TEST_HOST = "$(BUILT_PRODUCTS_DIR)/Tracker.app/$(BUNDLE_EXECUTABLE_FOLDER_PATH)/Tracker";
			};
			name = Debug;
		};
		F00DF49B2B9E1DB500825462 /* Release */ = {
			isa = XCBuildConfiguration;
			buildSettings = {
				BUNDLE_LOADER = "$(TEST_HOST)";
				CODE_SIGN_STYLE = Automatic;
				CURRENT_PROJECT_VERSION = 1;
				DEVELOPMENT_TEAM = 3SG3MUV83U;
				GENERATE_INFOPLIST_FILE = YES;
				IPHONEOS_DEPLOYMENT_TARGET = 16.4;
				MARKETING_VERSION = 1.0;
				PRODUCT_BUNDLE_IDENTIFIER = BogdanFartdinov.TrackerTests;
				PRODUCT_NAME = "$(TARGET_NAME)";
				SWIFT_EMIT_LOC_STRINGS = NO;
				SWIFT_VERSION = 5.0;
				TARGETED_DEVICE_FAMILY = "1,2";
				TEST_HOST = "$(BUILT_PRODUCTS_DIR)/Tracker.app/$(BUNDLE_EXECUTABLE_FOLDER_PATH)/Tracker";
			};
			name = Release;
		};
		F05FB9CA2B1145D400B524ED /* Debug */ = {
			isa = XCBuildConfiguration;
			buildSettings = {
				ALWAYS_SEARCH_USER_PATHS = NO;
				CLANG_ANALYZER_LOCALIZABILITY_NONLOCALIZED = YES;
				CLANG_ANALYZER_NONNULL = YES;
				CLANG_ANALYZER_NUMBER_OBJECT_CONVERSION = YES_AGGRESSIVE;
				CLANG_CXX_LANGUAGE_STANDARD = "gnu++20";
				CLANG_ENABLE_MODULES = YES;
				CLANG_ENABLE_OBJC_ARC = YES;
				CLANG_ENABLE_OBJC_WEAK = YES;
				CLANG_WARN_BLOCK_CAPTURE_AUTORELEASING = YES;
				CLANG_WARN_BOOL_CONVERSION = YES;
				CLANG_WARN_COMMA = YES;
				CLANG_WARN_CONSTANT_CONVERSION = YES;
				CLANG_WARN_DEPRECATED_OBJC_IMPLEMENTATIONS = YES;
				CLANG_WARN_DIRECT_OBJC_ISA_USAGE = YES_ERROR;
				CLANG_WARN_DOCUMENTATION_COMMENTS = YES;
				CLANG_WARN_EMPTY_BODY = YES;
				CLANG_WARN_ENUM_CONVERSION = YES;
				CLANG_WARN_INFINITE_RECURSION = YES;
				CLANG_WARN_INT_CONVERSION = YES;
				CLANG_WARN_NON_LITERAL_NULL_CONVERSION = YES;
				CLANG_WARN_OBJC_IMPLICIT_RETAIN_SELF = YES;
				CLANG_WARN_OBJC_LITERAL_CONVERSION = YES;
				CLANG_WARN_OBJC_ROOT_CLASS = YES_ERROR;
				CLANG_WARN_QUOTED_INCLUDE_IN_FRAMEWORK_HEADER = YES;
				CLANG_WARN_RANGE_LOOP_ANALYSIS = YES;
				CLANG_WARN_STRICT_PROTOTYPES = YES;
				CLANG_WARN_SUSPICIOUS_MOVE = YES;
				CLANG_WARN_UNGUARDED_AVAILABILITY = YES_AGGRESSIVE;
				CLANG_WARN_UNREACHABLE_CODE = YES;
				CLANG_WARN__DUPLICATE_METHOD_MATCH = YES;
				COPY_PHASE_STRIP = NO;
				DEBUG_INFORMATION_FORMAT = dwarf;
				ENABLE_STRICT_OBJC_MSGSEND = YES;
				ENABLE_TESTABILITY = YES;
				GCC_C_LANGUAGE_STANDARD = gnu11;
				GCC_DYNAMIC_NO_PIC = NO;
				GCC_NO_COMMON_BLOCKS = YES;
				GCC_OPTIMIZATION_LEVEL = 0;
				GCC_PREPROCESSOR_DEFINITIONS = (
					"DEBUG=1",
					"$(inherited)",
				);
				GCC_WARN_64_TO_32_BIT_CONVERSION = YES;
				GCC_WARN_ABOUT_RETURN_TYPE = YES_ERROR;
				GCC_WARN_UNDECLARED_SELECTOR = YES;
				GCC_WARN_UNINITIALIZED_AUTOS = YES_AGGRESSIVE;
				GCC_WARN_UNUSED_FUNCTION = YES;
				GCC_WARN_UNUSED_VARIABLE = YES;
				IPHONEOS_DEPLOYMENT_TARGET = 13.4;
				MTL_ENABLE_DEBUG_INFO = INCLUDE_SOURCE;
				MTL_FAST_MATH = YES;
				ONLY_ACTIVE_ARCH = YES;
				SDKROOT = iphoneos;
				SWIFT_ACTIVE_COMPILATION_CONDITIONS = DEBUG;
				SWIFT_OPTIMIZATION_LEVEL = "-Onone";
			};
			name = Debug;
		};
		F05FB9CB2B1145D500B524ED /* Release */ = {
			isa = XCBuildConfiguration;
			buildSettings = {
				ALWAYS_SEARCH_USER_PATHS = NO;
				CLANG_ANALYZER_LOCALIZABILITY_NONLOCALIZED = YES;
				CLANG_ANALYZER_NONNULL = YES;
				CLANG_ANALYZER_NUMBER_OBJECT_CONVERSION = YES_AGGRESSIVE;
				CLANG_CXX_LANGUAGE_STANDARD = "gnu++20";
				CLANG_ENABLE_MODULES = YES;
				CLANG_ENABLE_OBJC_ARC = YES;
				CLANG_ENABLE_OBJC_WEAK = YES;
				CLANG_WARN_BLOCK_CAPTURE_AUTORELEASING = YES;
				CLANG_WARN_BOOL_CONVERSION = YES;
				CLANG_WARN_COMMA = YES;
				CLANG_WARN_CONSTANT_CONVERSION = YES;
				CLANG_WARN_DEPRECATED_OBJC_IMPLEMENTATIONS = YES;
				CLANG_WARN_DIRECT_OBJC_ISA_USAGE = YES_ERROR;
				CLANG_WARN_DOCUMENTATION_COMMENTS = YES;
				CLANG_WARN_EMPTY_BODY = YES;
				CLANG_WARN_ENUM_CONVERSION = YES;
				CLANG_WARN_INFINITE_RECURSION = YES;
				CLANG_WARN_INT_CONVERSION = YES;
				CLANG_WARN_NON_LITERAL_NULL_CONVERSION = YES;
				CLANG_WARN_OBJC_IMPLICIT_RETAIN_SELF = YES;
				CLANG_WARN_OBJC_LITERAL_CONVERSION = YES;
				CLANG_WARN_OBJC_ROOT_CLASS = YES_ERROR;
				CLANG_WARN_QUOTED_INCLUDE_IN_FRAMEWORK_HEADER = YES;
				CLANG_WARN_RANGE_LOOP_ANALYSIS = YES;
				CLANG_WARN_STRICT_PROTOTYPES = YES;
				CLANG_WARN_SUSPICIOUS_MOVE = YES;
				CLANG_WARN_UNGUARDED_AVAILABILITY = YES_AGGRESSIVE;
				CLANG_WARN_UNREACHABLE_CODE = YES;
				CLANG_WARN__DUPLICATE_METHOD_MATCH = YES;
				COPY_PHASE_STRIP = NO;
				DEBUG_INFORMATION_FORMAT = "dwarf-with-dsym";
				ENABLE_NS_ASSERTIONS = NO;
				ENABLE_STRICT_OBJC_MSGSEND = YES;
				GCC_C_LANGUAGE_STANDARD = gnu11;
				GCC_NO_COMMON_BLOCKS = YES;
				GCC_WARN_64_TO_32_BIT_CONVERSION = YES;
				GCC_WARN_ABOUT_RETURN_TYPE = YES_ERROR;
				GCC_WARN_UNDECLARED_SELECTOR = YES;
				GCC_WARN_UNINITIALIZED_AUTOS = YES_AGGRESSIVE;
				GCC_WARN_UNUSED_FUNCTION = YES;
				GCC_WARN_UNUSED_VARIABLE = YES;
				IPHONEOS_DEPLOYMENT_TARGET = 13.4;
				MTL_ENABLE_DEBUG_INFO = NO;
				MTL_FAST_MATH = YES;
				SDKROOT = iphoneos;
				SWIFT_COMPILATION_MODE = wholemodule;
				SWIFT_OPTIMIZATION_LEVEL = "-O";
				VALIDATE_PRODUCT = YES;
			};
			name = Release;
		};
		F05FB9CD2B1145D500B524ED /* Debug */ = {
			isa = XCBuildConfiguration;
			buildSettings = {
				ASSETCATALOG_COMPILER_APPICON_NAME = AppIcon;
				ASSETCATALOG_COMPILER_GLOBAL_ACCENT_COLOR_NAME = AccentColor;
				CODE_SIGN_STYLE = Automatic;
				CURRENT_PROJECT_VERSION = 1;
				DEVELOPMENT_TEAM = 3SG3MUV83U;
				GENERATE_INFOPLIST_FILE = YES;
				INFOPLIST_FILE = Tracker/Info.plist;
				INFOPLIST_KEY_LSApplicationCategoryType = "public.app-category.productivity";
				INFOPLIST_KEY_UIApplicationSupportsIndirectInputEvents = YES;
				INFOPLIST_KEY_UILaunchStoryboardName = LaunchScreen;
				INFOPLIST_KEY_UISupportedInterfaceOrientations = UIInterfaceOrientationPortrait;
				IPHONEOS_DEPLOYMENT_TARGET = 13.4;
				LD_RUNPATH_SEARCH_PATHS = (
					"$(inherited)",
					"@executable_path/Frameworks",
				);
				MARKETING_VERSION = 1.0;
				PRODUCT_BUNDLE_IDENTIFIER = BogdanFartdinov.Tracker;
				PRODUCT_NAME = "$(TARGET_NAME)";
				SUPPORTED_PLATFORMS = "iphoneos iphonesimulator";
				SUPPORTS_MACCATALYST = NO;
				SUPPORTS_MAC_DESIGNED_FOR_IPHONE_IPAD = YES;
				SWIFT_EMIT_LOC_STRINGS = YES;
				SWIFT_VERSION = 5.0;
				TARGETED_DEVICE_FAMILY = 1;
			};
			name = Debug;
		};
		F05FB9CE2B1145D500B524ED /* Release */ = {
			isa = XCBuildConfiguration;
			buildSettings = {
				ASSETCATALOG_COMPILER_APPICON_NAME = AppIcon;
				ASSETCATALOG_COMPILER_GLOBAL_ACCENT_COLOR_NAME = AccentColor;
				CODE_SIGN_STYLE = Automatic;
				CURRENT_PROJECT_VERSION = 1;
				DEVELOPMENT_TEAM = 3SG3MUV83U;
				GENERATE_INFOPLIST_FILE = YES;
				INFOPLIST_FILE = Tracker/Info.plist;
				INFOPLIST_KEY_LSApplicationCategoryType = "public.app-category.productivity";
				INFOPLIST_KEY_UIApplicationSupportsIndirectInputEvents = YES;
				INFOPLIST_KEY_UILaunchStoryboardName = LaunchScreen;
				INFOPLIST_KEY_UISupportedInterfaceOrientations = UIInterfaceOrientationPortrait;
				IPHONEOS_DEPLOYMENT_TARGET = 13.4;
				LD_RUNPATH_SEARCH_PATHS = (
					"$(inherited)",
					"@executable_path/Frameworks",
				);
				MARKETING_VERSION = 1.0;
				PRODUCT_BUNDLE_IDENTIFIER = BogdanFartdinov.Tracker;
				PRODUCT_NAME = "$(TARGET_NAME)";
				SUPPORTED_PLATFORMS = "iphoneos iphonesimulator";
				SUPPORTS_MACCATALYST = NO;
				SUPPORTS_MAC_DESIGNED_FOR_IPHONE_IPAD = YES;
				SWIFT_EMIT_LOC_STRINGS = YES;
				SWIFT_VERSION = 5.0;
				TARGETED_DEVICE_FAMILY = 1;
			};
			name = Release;
		};
/* End XCBuildConfiguration section */

/* Begin XCConfigurationList section */
		F00DF4992B9E1DB500825462 /* Build configuration list for PBXNativeTarget "TrackerTests" */ = {
			isa = XCConfigurationList;
			buildConfigurations = (
				F00DF49A2B9E1DB500825462 /* Debug */,
				F00DF49B2B9E1DB500825462 /* Release */,
			);
			defaultConfigurationIsVisible = 0;
			defaultConfigurationName = Release;
		};
		F05FB9B32B1145CC00B524ED /* Build configuration list for PBXProject "Tracker" */ = {
			isa = XCConfigurationList;
			buildConfigurations = (
				F05FB9CA2B1145D400B524ED /* Debug */,
				F05FB9CB2B1145D500B524ED /* Release */,
			);
			defaultConfigurationIsVisible = 0;
			defaultConfigurationName = Release;
		};
		F05FB9CC2B1145D500B524ED /* Build configuration list for PBXNativeTarget "Tracker" */ = {
			isa = XCConfigurationList;
			buildConfigurations = (
				F05FB9CD2B1145D500B524ED /* Debug */,
				F05FB9CE2B1145D500B524ED /* Release */,
			);
			defaultConfigurationIsVisible = 0;
			defaultConfigurationName = Release;
		};
/* End XCConfigurationList section */

/* Begin XCRemoteSwiftPackageReference section */
		F00DF49C2B9E22A400825462 /* XCRemoteSwiftPackageReference "swift-snapshot-testing" */ = {
			isa = XCRemoteSwiftPackageReference;
			repositoryURL = "https://github.com/pointfreeco/swift-snapshot-testing.git";
			requirement = {
				kind = upToNextMajorVersion;
				minimumVersion = 1.0.0;
			};
		};
/* End XCRemoteSwiftPackageReference section */

/* Begin XCSwiftPackageProductDependency section */
		F00DF49D2B9E22A400825462 /* SnapshotTesting */ = {
			isa = XCSwiftPackageProductDependency;
			package = F00DF49C2B9E22A400825462 /* XCRemoteSwiftPackageReference "swift-snapshot-testing" */;
			productName = SnapshotTesting;
		};
/* End XCSwiftPackageProductDependency section */

/* Begin XCVersionGroup section */
		F05FBA252B30CE1F00B524ED /* Model.xcdatamodeld */ = {
			isa = XCVersionGroup;
			children = (
				F00DF4842B98EE9900825462 /* Model 4.xcdatamodel */,
				F0F7CF082B826C9A00D94FBF /* Model 3.xcdatamodel */,
				F09AA7A12B505F3A00C15DAB /* Model 2.xcdatamodel */,
				F05FBA262B30CE1F00B524ED /* Model.xcdatamodel */,
			);
			currentVersion = F00DF4842B98EE9900825462 /* Model 4.xcdatamodel */;
			path = Model.xcdatamodeld;
			sourceTree = "<group>";
			versionGroupType = wrapper.xcdatamodel;
		};
/* End XCVersionGroup section */
	};
	rootObject = F05FB9B02B1145CC00B524ED /* Project object */;
}
